{
  "version": 4,
  "terraform_version": "1.16.0",
  "serial": 4,
  "lineage": "5a6c28b8-8ded-0bf0-97a8-f6c8ce1162c7",
  "outputs": {
    "bucket_name": {
      "value": "eda-a08-lake-eda-grupo03",
      "type": "string"
    },
    "console_url_athena": {
      "value": "https://us-east-1.console.aws.amazon.com/athena/home?region=us-east-1#/query-editor",
      "type": "string"
    },
    "database_name": {
      "value": "eda_a08_lake_eda-grupo03",
      "type": "string"
    },
    "table_name": {
      "value": "corridas",
      "type": "string"
    },
    "teto_bytes": {
      "value": 117455962,
      "type": "number"
    },
    "workgroup_name": {
      "value": "eda-a08-wg-eda-grupo03",
      "type": "string"
    }
  },
  "resources": [
    {
      "mode": "managed",
      "type": "aws_glue_catalog_database",
      "name": "db",
      "provider": "provider[\"registry.terraform.io/hashicorp/aws\"]",
      "instances": [
        {
          "schema_version": 0,
          "attributes": {
            "arn": "arn:aws:glue:us-east-1:325583868777:database/eda_a08_lake_eda-grupo03",
            "catalog_id": "325583868777",
            "create_table_default_permission": [
              {
                "permissions": [
                  "ALL"
                ],
                "principal": [
                  {
                    "data_lake_principal_identifier": "IAM_ALLOWED_PRINCIPALS"
                  }
                ]
              }
            ],
            "description": "",
            "federated_database": [],
            "id": "325583868777:eda_a08_lake_eda-grupo03",
            "location_uri": "",
            "name": "eda_a08_lake_eda-grupo03",
            "parameters": null,
            "tags": null,
            "tags_all": {
              "Aula": "08",
              "Disciplina": "EDA",
              "Owner": "eda-grupo03",
              "Turma": "2026-2"
            },
            "target_database": []
          },
          "sensitive_attributes": [],
          "identity_schema_version": 0,
          "private": "bnVsbA=="
        }
      ]
    }
  ],
  "check_results": [
    {
      "object_kind": "var",
      "config_addr": "var.teto_bytes",
      "status": "pass",
      "objects": [
        {
          "object_addr": "var.teto_bytes",
          "status": "pass"
        }
      ]
    },
    {
      "object_kind": "var",
      "config_addr": "var.dias_particao",
      "status": "pass",
      "objects": [
        {
          "object_addr": "var.dias_particao",
          "status": "pass"
        }
      ]
    },
    {
      "object_kind": "var",
      "config_addr": "var.sufixo",
      "status": "pass",
      "objects": [
        {
          "object_addr": "var.sufixo",
          "status": "pass"
        }
      ]
    }
  ]
}
